// !$*UTF8*$!
{
	archiveVersion = 1;
	classes = {
	};
	objectVersion = 51;
	objects = {

/* Begin PBXBuildFile section */
		24E5D855784AEED86CA48177 /* Pods_Instagram.framework in Frameworks */ = {isa = PBXBuildFile; fileRef = D4F4F00D5F281B79BA7C6C1A /* Pods_Instagram.framework */; };
		EA0F64BC2622EEF000244002 /* TabBarController.swift in Sources */ = {isa = PBXBuildFile; fileRef = EA0F64BB2622EEF000244002 /* TabBarController.swift */; };
		EA0F64C02622F50300244002 /* GoogleService-Info.plist in Resources */ = {isa = PBXBuildFile; fileRef = EA0F64BF2622F50300244002 /* GoogleService-Info.plist */; };
		EA0F650F26235B5700244002 /* Const.swift in Sources */ = {isa = PBXBuildFile; fileRef = EA0F650E26235B5700244002 /* Const.swift */; };
		EA0F6512262362F800244002 /* PostData.swift in Sources */ = {isa = PBXBuildFile; fileRef = EA0F6511262362F800244002 /* PostData.swift */; };
		EA0F651626236B7E00244002 /* PostTableViewCell.swift in Sources */ = {isa = PBXBuildFile; fileRef = EA0F651426236B7E00244002 /* PostTableViewCell.swift */; };
		EA0F651726236B7E00244002 /* PostTableViewCell.xib in Resources */ = {isa = PBXBuildFile; fileRef = EA0F651526236B7E00244002 /* PostTableViewCell.xib */; };
		EA0F654926256F7300244002 /* CommentViewController.swift in Sources */ = {isa = PBXBuildFile; fileRef = EA0F654826256F7300244002 /* CommentViewController.swift */; };
		EA0F65C3262E671500244002 /* test.swift in Sources */ = {isa = PBXBuildFile; fileRef = EA0F65C2262E671500244002 /* test.swift */; };
		EA15E69A262044F20014A142 /* AppDelegate.swift in Sources */ = {isa = PBXBuildFile; fileRef = EA15E699262044F20014A142 /* AppDelegate.swift */; };
		EA15E69C262044F20014A142 /* SceneDelegate.swift in Sources */ = {isa = PBXBuildFile; fileRef = EA15E69B262044F20014A142 /* SceneDelegate.swift */; };
		EA15E6A1262044F20014A142 /* Main.storyboard in Resources */ = {isa = PBXBuildFile; fileRef = EA15E69F262044F20014A142 /* Main.storyboard */; };
		EA15E6A3262044F30014A142 /* Assets.xcassets in Resources */ = {isa = PBXBuildFile; fileRef = EA15E6A2262044F30014A142 /* Assets.xcassets */; };
		EA15E6A6262044F30014A142 /* LaunchScreen.storyboard in Resources */ = {isa = PBXBuildFile; fileRef = EA15E6A4262044F30014A142 /* LaunchScreen.storyboard */; };
		EA15E6B82622BB010014A142 /* LoginViewController.swift in Sources */ = {isa = PBXBuildFile; fileRef = EA15E6B72622BB010014A142 /* LoginViewController.swift */; };
		EA15E6BB2622BB4C0014A142 /* HomeViewController.swift in Sources */ = {isa = PBXBuildFile; fileRef = EA15E6BA2622BB4C0014A142 /* HomeViewController.swift */; };
		EA15E6BE2622BB620014A142 /* ImageSelectViewController.swift in Sources */ = {isa = PBXBuildFile; fileRef = EA15E6BD2622BB620014A142 /* ImageSelectViewController.swift */; };
		EA15E6C12622BB700014A142 /* PostViewController.swift in Sources */ = {isa = PBXBuildFile; fileRef = EA15E6C02622BB700014A142 /* PostViewController.swift */; };
		EA15E6C42622BB820014A142 /* SettingViewController.swift in Sources */ = {isa = PBXBuildFile; fileRef = EA15E6C32622BB820014A142 /* SettingViewController.swift */; };
/* End PBXBuildFile section */

/* Begin PBXFileReference section */
		41F1F7FE52452660937C1ED0 /* Pods-Instagram.debug.xcconfig */ = {isa = PBXFileReference; includeInIndex = 1; lastKnownFileType = text.xcconfig; name = "Pods-Instagram.debug.xcconfig"; path = "Target Support Files/Pods-Instagram/Pods-Instagram.debug.xcconfig"; sourceTree = "<group>"; };
		7D92C36827AA764BE7D05283 /* Pods-Instagram.release.xcconfig */ = {isa = PBXFileReference; includeInIndex = 1; lastKnownFileType = text.xcconfig; name = "Pods-Instagram.release.xcconfig"; path = "Target Support Files/Pods-Instagram/Pods-Instagram.release.xcconfig"; sourceTree = "<group>"; };
		D4F4F00D5F281B79BA7C6C1A /* Pods_Instagram.framework */ = {isa = PBXFileReference; explicitFileType = wrapper.framework; includeInIndex = 0; path = Pods_Instagram.framework; sourceTree = BUILT_PRODUCTS_DIR; };
		EA0F64BB2622EEF000244002 /* TabBarController.swift */ = {isa = PBXFileReference; lastKnownFileType = sourcecode.swift; path = TabBarController.swift; sourceTree = "<group>"; };
		EA0F64BF2622F50300244002 /* GoogleService-Info.plist */ = {isa = PBXFileReference; fileEncoding = 4; lastKnownFileType = text.plist.xml; name = "GoogleService-Info.plist"; path = "../../../../Downloads/GoogleService-Info.plist"; sourceTree = "<group>"; };
		EA0F650E26235B5700244002 /* Const.swift */ = {isa = PBXFileReference; lastKnownFileType = sourcecode.swift; path = Const.swift; sourceTree = "<group>"; };
		EA0F6511262362F800244002 /* PostData.swift */ = {isa = PBXFileReference; lastKnownFileType = sourcecode.swift; path = PostData.swift; sourceTree = "<group>"; };
		EA0F651426236B7E00244002 /* PostTableViewCell.swift */ = {isa = PBXFileReference; lastKnownFileType = sourcecode.swift; path = PostTableViewCell.swift; sourceTree = "<group>"; };
		EA0F651526236B7E00244002 /* PostTableViewCell.xib */ = {isa = PBXFileReference; lastKnownFileType = file.xib; path = PostTableViewCell.xib; sourceTree = "<group>"; };
		EA0F654826256F7300244002 /* CommentViewController.swift */ = {isa = PBXFileReference; lastKnownFileType = sourcecode.swift; path = CommentViewController.swift; sourceTree = "<group>"; };
		EA0F65C2262E671500244002 /* test.swift */ = {isa = PBXFileReference; lastKnownFileType = sourcecode.swift; path = test.swift; sourceTree = "<group>"; };
		EA15E696262044F20014A142 /* Instagram.app */ = {isa = PBXFileReference; explicitFileType = wrapper.application; includeInIndex = 0; path = Instagram.app; sourceTree = BUILT_PRODUCTS_DIR; };
		EA15E699262044F20014A142 /* AppDelegate.swift */ = {isa = PBXFileReference; lastKnownFileType = sourcecode.swift; path = AppDelegate.swift; sourceTree = "<group>"; };
		EA15E69B262044F20014A142 /* SceneDelegate.swift */ = {isa = PBXFileReference; lastKnownFileType = sourcecode.swift; path = SceneDelegate.swift; sourceTree = "<group>"; };
		EA15E6A0262044F20014A142 /* Base */ = {isa = PBXFileReference; lastKnownFileType = file.storyboard; name = Base; path = Base.lproj/Main.storyboard; sourceTree = "<group>"; };
		EA15E6A2262044F30014A142 /* Assets.xcassets */ = {isa = PBXFileReference; lastKnownFileType = folder.assetcatalog; path = Assets.xcassets; sourceTree = "<group>"; };
		EA15E6A5262044F30014A142 /* Base */ = {isa = PBXFileReference; lastKnownFileType = file.storyboard; name = Base; path = Base.lproj/LaunchScreen.storyboard; sourceTree = "<group>"; };
		EA15E6A7262044F30014A142 /* Info.plist */ = {isa = PBXFileReference; lastKnownFileType = text.plist.xml; path = Info.plist; sourceTree = "<group>"; };
		EA15E6B72622BB010014A142 /* LoginViewController.swift */ = {isa = PBXFileReference; lastKnownFileType = sourcecode.swift; path = LoginViewController.swift; sourceTree = "<group>"; };
		EA15E6BA2622BB4C0014A142 /* HomeViewController.swift */ = {isa = PBXFileReference; lastKnownFileType = sourcecode.swift; path = HomeViewController.swift; sourceTree = "<group>"; };
		EA15E6BD2622BB620014A142 /* ImageSelectViewController.swift */ = {isa = PBXFileReference; lastKnownFileType = sourcecode.swift; path = ImageSelectViewController.swift; sourceTree = "<group>"; };
		EA15E6C02622BB700014A142 /* PostViewController.swift */ = {isa = PBXFileReference; lastKnownFileType = sourcecode.swift; path = PostViewController.swift; sourceTree = "<group>"; };
		EA15E6C32622BB820014A142 /* SettingViewController.swift */ = {isa = PBXFileReference; lastKnownFileType = sourcecode.swift; path = SettingViewController.swift; sourceTree = "<group>"; };
/* End PBXFileReference section */

/* Begin PBXFrameworksBuildPhase section */
		EA15E693262044F20014A142 /* Frameworks */ = {
			isa = PBXFrameworksBuildPhase;
			buildActionMask = 2147483647;
			files = (
				24E5D855784AEED86CA48177 /* Pods_Instagram.framework in Frameworks */,
			);
			runOnlyForDeploymentPostprocessing = 0;
		};
/* End PBXFrameworksBuildPhase section */

/* Begin PBXGroup section */
		9108A2361C7F91280E227861 /* Pods */ = {
			isa = PBXGroup;
			children = (
				41F1F7FE52452660937C1ED0 /* Pods-Instagram.debug.xcconfig */,
				7D92C36827AA764BE7D05283 /* Pods-Instagram.release.xcconfig */,
			);
			path = Pods;
			sourceTree = "<group>";
		};
		EA15E68D262044F20014A142 = {
			isa = PBXGroup;
			children = (
				EA15E698262044F20014A142 /* Instagram */,
				EA15E697262044F20014A142 /* Products */,
				9108A2361C7F91280E227861 /* Pods */,
				ED583A9E6FD510EAA770ABC7 /* Frameworks */,
			);
			sourceTree = "<group>";
		};
		EA15E697262044F20014A142 /* Products */ = {
			isa = PBXGroup;
			children = (
				EA15E696262044F20014A142 /* Instagram.app */,
			);
			name = Products;
			sourceTree = "<group>";
		};
		EA15E698262044F20014A142 /* Instagram */ = {
			isa = PBXGroup;
			children = (
				EA15E699262044F20014A142 /* AppDelegate.swift */,
				EA15E69B262044F20014A142 /* SceneDelegate.swift */,
				EA15E6C32622BB820014A142 /* SettingViewController.swift */,
				EA15E6C02622BB700014A142 /* PostViewController.swift */,
				EA15E6BD2622BB620014A142 /* ImageSelectViewController.swift */,
				EA15E6B72622BB010014A142 /* LoginViewController.swift */,
				EA15E6A2262044F30014A142 /* Assets.xcassets */,
				EA15E6A4262044F30014A142 /* LaunchScreen.storyboard */,
				EA15E6A7262044F30014A142 /* Info.plist */,
				EA0F64BB2622EEF000244002 /* TabBarController.swift */,
				EA0F64BF2622F50300244002 /* GoogleService-Info.plist */,
				EA0F650E26235B5700244002 /* Const.swift */,
				EA0F6511262362F800244002 /* PostData.swift */,
				EA15E69F262044F20014A142 /* Main.storyboard */,
				EA15E6BA2622BB4C0014A142 /* HomeViewController.swift */,
				EA0F651426236B7E00244002 /* PostTableViewCell.swift */,
				EA0F651526236B7E00244002 /* PostTableViewCell.xib */,
				EA0F654826256F7300244002 /* CommentViewController.swift */,
				EA0F65C2262E671500244002 /* test.swift */,
			);
			path = Instagram;
			sourceTree = "<group>";
		};
		ED583A9E6FD510EAA770ABC7 /* Frameworks */ = {
			isa = PBXGroup;
			children = (
				D4F4F00D5F281B79BA7C6C1A /* Pods_Instagram.framework */,
			);
			name = Frameworks;
			sourceTree = "<group>";
		};
/* End PBXGroup section */

/* Begin PBXNativeTarget section */
		EA15E695262044F20014A142 /* Instagram */ = {
			isa = PBXNativeTarget;
			buildConfigurationList = EA15E6AA262044F30014A142 /* Build configuration list for PBXNativeTarget "Instagram" */;
			buildPhases = (
				FA332F0C6577BEBAF67D3141 /* [CP] Check Pods Manifest.lock */,
				EA15E692262044F20014A142 /* Sources */,
				EA15E693262044F20014A142 /* Frameworks */,
				EA15E694262044F20014A142 /* Resources */,
				CFDD77AEEEB077A9A8EB2B69 /* [CP] Embed Pods Frameworks */,
			);
			buildRules = (
			);
			dependencies = (
			);
			name = Instagram;
			productName = Instagram;
			productReference = EA15E696262044F20014A142 /* Instagram.app */;
			productType = "com.apple.product-type.application";
		};
/* End PBXNativeTarget section */

/* Begin PBXProject section */
		EA15E68E262044F20014A142 /* Project object */ = {
			isa = PBXProject;
			attributes = {
				LastSwiftUpdateCheck = 1220;
				LastUpgradeCheck = 1220;
				TargetAttributes = {
					EA15E695262044F20014A142 = {
						CreatedOnToolsVersion = 12.2;
					};
				};
			};
			buildConfigurationList = EA15E691262044F20014A142 /* Build configuration list for PBXProject "Instagram" */;
			compatibilityVersion = "Xcode 9.3";
			developmentRegion = en;
			hasScannedForEncodings = 0;
			knownRegions = (
				en,
				Base,
			);
			mainGroup = EA15E68D262044F20014A142;
			productRefGroup = EA15E697262044F20014A142 /* Products */;
			projectDirPath = "";
			projectRoot = "";
			targets = (
				EA15E695262044F20014A142 /* Instagram */,
			);
		};
/* End PBXProject section */

/* Begin PBXResourcesBuildPhase section */
		EA15E694262044F20014A142 /* Resources */ = {
			isa = PBXResourcesBuildPhase;
			buildActionMask = 2147483647;
			files = (
				EA15E6A6262044F30014A142 /* LaunchScreen.storyboard in Resources */,
				EA0F651726236B7E00244002 /* PostTableViewCell.xib in Resources */,
				EA0F64C02622F50300244002 /* GoogleService-Info.plist in Resources */,
				EA15E6A3262044F30014A142 /* Assets.xcassets in Resources */,
				EA15E6A1262044F20014A142 /* Main.storyboard in Resources */,
			);
			runOnlyForDeploymentPostprocessing = 0;
		};
/* End PBXResourcesBuildPhase section */

/* Begin PBXShellScriptBuildPhase section */
		CFDD77AEEEB077A9A8EB2B69 /* [CP] Embed Pods Frameworks */ = {
			isa = PBXShellScriptBuildPhase;
			buildActionMask = 2147483647;
			files = (
			);
			inputFileListPaths = (
				"${PODS_ROOT}/Target Support Files/Pods-Instagram/Pods-Instagram-frameworks-${CONFIGURATION}-input-files.xcfilelist",
			);
			name = "[CP] Embed Pods Frameworks";
			outputFileListPaths = (
				"${PODS_ROOT}/Target Support Files/Pods-Instagram/Pods-Instagram-frameworks-${CONFIGURATION}-output-files.xcfilelist",
			);
			runOnlyForDeploymentPostprocessing = 0;
			shellPath = /bin/sh;
			shellScript = "\"${PODS_ROOT}/Target Support Files/Pods-Instagram/Pods-Instagram-frameworks.sh\"\n";
			showEnvVarsInLog = 0;
		};
		FA332F0C6577BEBAF67D3141 /* [CP] Check Pods Manifest.lock */ = {
			isa = PBXShellScriptBuildPhase;
			buildActionMask = 2147483647;
			files = (
			);
			inputFileListPaths = (
			);
			inputPaths = (
				"${PODS_PODFILE_DIR_PATH}/Podfile.lock",
				"${PODS_ROOT}/Manifest.lock",
			);
			name = "[CP] Check Pods Manifest.lock";
			outputFileListPaths = (
			);
			outputPaths = (
				"$(DERIVED_FILE_DIR)/Pods-Instagram-checkManifestLockResult.txt",
			);
			runOnlyForDeploymentPostprocessing = 0;
			shellPath = /bin/sh;
			shellScript = "diff \"${PODS_PODFILE_DIR_PATH}/Podfile.lock\" \"${PODS_ROOT}/Manifest.lock\" > /dev/null\nif [ $? != 0 ] ; then\n    # print error to STDERR\n    echo \"error: The sandbox is not in sync with the Podfile.lock. Run 'pod install' or update your CocoaPods installation.\" >&2\n    exit 1\nfi\n# This output is used by Xcode 'outputs' to avoid re-running this script phase.\necho \"SUCCESS\" > \"${SCRIPT_OUTPUT_FILE_0}\"\n";
			showEnvVarsInLog = 0;
		};
/* End PBXShellScriptBuildPhase section */

/* Begin PBXSourcesBuildPhase section */
		EA15E692262044F20014A142 /* Sources */ = {
			isa = PBXSourcesBuildPhase;
			buildActionMask = 2147483647;
			files = (
				EA0F651626236B7E00244002 /* PostTableViewCell.swift in Sources */,
				EA15E6BE2622BB620014A142 /* ImageSelectViewController.swift in Sources */,
				EA0F64BC2622EEF000244002 /* TabBarController.swift in Sources */,
				EA15E6BB2622BB4C0014A142 /* HomeViewController.swift in Sources */,
				EA15E6C12622BB700014A142 /* PostViewController.swift in Sources */,
				EA15E6C42622BB820014A142 /* SettingViewController.swift in Sources */,
				EA0F6512262362F800244002 /* PostData.swift in Sources */,
				EA15E6B82622BB010014A142 /* LoginViewController.swift in Sources */,
				EA0F654926256F7300244002 /* CommentViewController.swift in Sources */,
				EA15E69A262044F20014A142 /* AppDelegate.swift in Sources */,
				EA15E69C262044F20014A142 /* SceneDelegate.swift in Sources */,
				EA0F650F26235B5700244002 /* Const.swift in Sources */,
				EA0F65C3262E671500244002 /* test.swift in Sources */,
			);
			runOnlyForDeploymentPostprocessing = 0;
		};
/* End PBXSourcesBuildPhase section */

/* Begin PBXVariantGroup section */
		EA15E69F262044F20014A142 /* Main.storyboard */ = {
			isa = PBXVariantGroup;
			children = (
				EA15E6A0262044F20014A142 /* Base */,
			);
			name = Main.storyboard;
			sourceTree = "<group>";
		};
		EA15E6A4262044F30014A142 /* LaunchScreen.storyboard */ = {
			isa = PBXVariantGroup;
			children = (
				EA15E6A5262044F30014A142 /* Base */,
			);
			name = LaunchScreen.storyboard;
			sourceTree = "<group>";
		};
/* End PBXVariantGroup section */

/* Begin XCBuildConfiguration section */
		EA15E6A8262044F30014A142 /* Debug */ = {
			isa = XCBuildConfiguration;
			buildSettings = {
				ALWAYS_SEARCH_USER_PATHS = NO;
				CLANG_ANALYZER_NONNULL = YES;
				CLANG_ANALYZER_NUMBER_OBJECT_CONVERSION = YES_AGGRESSIVE;
				CLANG_CXX_LANGUAGE_STANDARD = "gnu++14";
				CLANG_CXX_LIBRARY = "libc++";
				CLANG_ENABLE_MODULES = YES;
				CLANG_ENABLE_OBJC_ARC = YES;
				CLANG_ENABLE_OBJC_WEAK = YES;
				CLANG_WARN_BLOCK_CAPTURE_AUTORELEASING = YES;
				CLANG_WARN_BOOL_CONVERSION = YES;
				CLANG_WARN_COMMA = YES;
				CLANG_WARN_CONSTANT_CONVERSION = YES;
				CLANG_WARN_DEPRECATED_OBJC_IMPLEMENTATIONS = YES;
				CLANG_WARN_DIRECT_OBJC_ISA_USAGE = YES_ERROR;
				CLANG_WARN_DOCUMENTATION_COMMENTS = YES;
				CLANG_WARN_EMPTY_BODY = YES;
				CLANG_WARN_ENUM_CONVERSION = YES;
				CLANG_WARN_INFINITE_RECURSION = YES;
				CLANG_WARN_INT_CONVERSION = YES;
				CLANG_WARN_NON_LITERAL_NULL_CONVERSION = YES;
				CLANG_WARN_OBJC_IMPLICIT_RETAIN_SELF = YES;
				CLANG_WARN_OBJC_LITERAL_CONVERSION = YES;
				CLANG_WARN_OBJC_ROOT_CLASS = YES_ERROR;
				CLANG_WARN_QUOTED_INCLUDE_IN_FRAMEWORK_HEADER = YES;
				CLANG_WARN_RANGE_LOOP_ANALYSIS = YES;
				CLANG_WARN_STRICT_PROTOTYPES = YES;
				CLANG_WARN_SUSPICIOUS_MOVE = YES;
				CLANG_WARN_UNGUARDED_AVAILABILITY = YES_AGGRESSIVE;
				CLANG_WARN_UNREACHABLE_CODE = YES;
				CLANG_WARN__DUPLICATE_METHOD_MATCH = YES;
				COPY_PHASE_STRIP = NO;
				DEBUG_INFORMATION_FORMAT = dwarf;
				ENABLE_STRICT_OBJC_MSGSEND = YES;
				ENABLE_TESTABILITY = YES;
				GCC_C_LANGUAGE_STANDARD = gnu11;
				GCC_DYNAMIC_NO_PIC = NO;
				GCC_NO_COMMON_BLOCKS = YES;
				GCC_OPTIMIZATION_LEVEL = 0;
				GCC_PREPROCESSOR_DEFINITIONS = (
					"DEBUG=1",
					"$(inherited)",
				);
				GCC_WARN_64_TO_32_BIT_CONVERSION = YES;
				GCC_WARN_ABOUT_RETURN_TYPE = YES_ERROR;
				GCC_WARN_UNDECLARED_SELECTOR = YES;
				GCC_WARN_UNINITIALIZED_AUTOS = YES_AGGRESSIVE;
				GCC_WARN_UNUSED_FUNCTION = YES;
				GCC_WARN_UNUSED_VARIABLE = YES;
				IPHONEOS_DEPLOYMENT_TARGET = 14.2;
				MTL_ENABLE_DEBUG_INFO = INCLUDE_SOURCE;
				MTL_FAST_MATH = YES;
				ONLY_ACTIVE_ARCH = YES;
				SDKROOT = iphoneos;
				SWIFT_ACTIVE_COMPILATION_CONDITIONS = DEBUG;
				SWIFT_OPTIMIZATION_LEVEL = "-Onone";
			};
			name = Debug;
		};
		EA15E6A9262044F30014A142 /* Release */ = {
			isa = XCBuildConfiguration;
			buildSettings = {
				ALWAYS_SEARCH_USER_PATHS = NO;
				CLANG_ANALYZER_NONNULL = YES;
				CLANG_ANALYZER_NUMBER_OBJECT_CONVERSION = YES_AGGRESSIVE;
				CLANG_CXX_LANGUAGE_STANDARD = "gnu++14";
				CLANG_CXX_LIBRARY = "libc++";
				CLANG_ENABLE_MODULES = YES;
				CLANG_ENABLE_OBJC_ARC = YES;
				CLANG_ENABLE_OBJC_WEAK = YES;
				CLANG_WARN_BLOCK_CAPTURE_AUTORELEASING = YES;
				CLANG_WARN_BOOL_CONVERSION = YES;
				CLANG_WARN_COMMA = YES;
				CLANG_WARN_CONSTANT_CONVERSION = YES;
				CLANG_WARN_DEPRECATED_OBJC_IMPLEMENTATIONS = YES;
				CLANG_WARN_DIRECT_OBJC_ISA_USAGE = YES_ERROR;
				CLANG_WARN_DOCUMENTATION_COMMENTS = YES;
				CLANG_WARN_EMPTY_BODY = YES;
				CLANG_WARN_ENUM_CONVERSION = YES;
				CLANG_WARN_INFINITE_RECURSION = YES;
				CLANG_WARN_INT_CONVERSION = YES;
				CLANG_WARN_NON_LITERAL_NULL_CONVERSION = YES;
				CLANG_WARN_OBJC_IMPLICIT_RETAIN_SELF = YES;
				CLANG_WARN_OBJC_LITERAL_CONVERSION = YES;
				CLANG_WARN_OBJC_ROOT_CLASS = YES_ERROR;
				CLANG_WARN_QUOTED_INCLUDE_IN_FRAMEWORK_HEADER = YES;
				CLANG_WARN_RANGE_LOOP_ANALYSIS = YES;
				CLANG_WARN_STRICT_PROTOTYPES = YES;
				CLANG_WARN_SUSPICIOUS_MOVE = YES;
				CLANG_WARN_UNGUARDED_AVAILABILITY = YES_AGGRESSIVE;
				CLANG_WARN_UNREACHABLE_CODE = YES;
				CLANG_WARN__DUPLICATE_METHOD_MATCH = YES;
				COPY_PHASE_STRIP = NO;
				DEBUG_INFORMATION_FORMAT = "dwarf-with-dsym";
				ENABLE_NS_ASSERTIONS = NO;
				ENABLE_STRICT_OBJC_MSGSEND = YES;
				GCC_C_LANGUAGE_STANDARD = gnu11;
				GCC_NO_COMMON_BLOCKS = YES;
				GCC_WARN_64_TO_32_BIT_CONVERSION = YES;
				GCC_WARN_ABOUT_RETURN_TYPE = YES_ERROR;
				GCC_WARN_UNDECLARED_SELECTOR = YES;
				GCC_WARN_UNINITIALIZED_AUTOS = YES_AGGRESSIVE;
				GCC_WARN_UNUSED_FUNCTION = YES;
				GCC_WARN_UNUSED_VARIABLE = YES;
				IPHONEOS_DEPLOYMENT_TARGET = 14.2;
				MTL_ENABLE_DEBUG_INFO = NO;
				MTL_FAST_MATH = YES;
				SDKROOT = iphoneos;
				SWIFT_COMPILATION_MODE = wholemodule;
				SWIFT_OPTIMIZATION_LEVEL = "-O";
				VALIDATE_PRODUCT = YES;
			};
			name = Release;
		};
		EA15E6AB262044F30014A142 /* Debug */ = {
			isa = XCBuildConfiguration;
			baseConfigurationReference = 41F1F7FE52452660937C1ED0 /* Pods-Instagram.debug.xcconfig */;
			buildSettings = {
				ASSETCATALOG_COMPILER_APPICON_NAME = AppIcon;
				ASSETCATALOG_COMPILER_GLOBAL_ACCENT_COLOR_NAME = AccentColor;
				CODE_SIGN_STYLE = Automatic;
				DEVELOPMENT_TEAM = 5XQQMARHNG;
				INFOPLIST_FILE = Instagram/Info.plist;
				LD_RUNPATH_SEARCH_PATHS = (
					"$(inherited)",
					"@executable_path/Frameworks",
				);
				PRODUCT_BUNDLE_IDENTIFIER = jp.techacademy.wataru.nakamura.Instagram;
				PRODUCT_NAME = "$(TARGET_NAME)";
				SWIFT_VERSION = 5.0;
				TARGETED_DEVICE_FAMILY = 1;
			};
			name = Debug;
		};
		EA15E6AC262044F30014A142 /* Release */ = {
			isa = XCBuildConfiguration;
			baseConfigurationReference = 7D92C36827AA764BE7D05283 /* Pods-Instagram.release.xcconfig */;
			buildSettings = {
				ASSETCATALOG_COMPILER_APPICON_NAME = AppIcon;
				ASSETCATALOG_COMPILER_GLOBAL_ACCENT_COLOR_NAME = AccentColor;
				CODE_SIGN_STYLE = Automatic;
				DEVELOPMENT_TEAM = 5XQQMARHNG;
				INFOPLIST_FILE = Instagram/Info.plist;
				LD_RUNPATH_SEARCH_PATHS = (
					"$(inherited)",
					"@executable_path/Frameworks",
				);
				PRODUCT_BUNDLE_IDENTIFIER = jp.techacademy.wataru.nakamura.Instagram;
				PRODUCT_NAME = "$(TARGET_NAME)";
				SWIFT_VERSION = 5.0;
				TARGETED_DEVICE_FAMILY = 1;
			};
			name = Release;
		};
/* End XCBuildConfiguration section */

/* Begin XCConfigurationList section */
		EA15E691262044F20014A142 /* Build configuration list for PBXProject "Instagram" */ = {
			isa = XCConfigurationList;
			buildConfigurations = (
				EA15E6A8262044F30014A142 /* Debug */,
				EA15E6A9262044F30014A142 /* Release */,
			);
			defaultConfigurationIsVisible = 0;
			defaultConfigurationName = Release;
		};
		EA15E6AA262044F30014A142 /* Build configuration list for PBXNativeTarget "Instagram" */ = {
			isa = XCConfigurationList;
			buildConfigurations = (
				EA15E6AB262044F30014A142 /* Debug */,
				EA15E6AC262044F30014A142 /* Release */,
			);
			defaultConfigurationIsVisible = 0;
			defaultConfigurationName = Release;
		};
/* End XCConfigurationList section */
	};
	rootObject = EA15E68E262044F20014A142 /* Project object */;
}
